// !$*UTF8*$!
{
	archiveVersion = 1;
	classes = {
	};
	objectVersion = 46;
	objects = {

/* Begin PBXBuildFile section */
		F5C195B81CE994A30037BB38 /* main.m in Sources */ = {isa = PBXBuildFile; fileRef = F5C195B71CE994A30037BB38 /* main.m */; };
		F5C195BB1CE994A30037BB38 /* AppDelegate.m in Sources */ = {isa = PBXBuildFile; fileRef = F5C195BA1CE994A30037BB38 /* AppDelegate.m */; };
		F5C195BE1CE994A30037BB38 /* ViewController.m in Sources */ = {isa = PBXBuildFile; fileRef = F5C195BD1CE994A30037BB38 /* ViewController.m */; };
		F5C195C11CE994A30037BB38 /* Main.storyboard in Resources */ = {isa = PBXBuildFile; fileRef = F5C195BF1CE994A30037BB38 /* Main.storyboard */; };
		F5C195C31CE994A30037BB38 /* Assets.xcassets in Resources */ = {isa = PBXBuildFile; fileRef = F5C195C21CE994A30037BB38 /* Assets.xcassets */; };
		F5C195C61CE994A30037BB38 /* LaunchScreen.storyboard in Resources */ = {isa = PBXBuildFile; fileRef = F5C195C41CE994A30037BB38 /* LaunchScreen.storyboard */; };
		F5C195D11CE996060037BB38 /* Calculator.m in Sources */ = {isa = PBXBuildFile; fileRef = F5C195CE1CE996060037BB38 /* Calculator.m */; };
		F5C195D21CE996060037BB38 /* Fraction.m in Sources */ = {isa = PBXBuildFile; fileRef = F5C195D01CE996060037BB38 /* Fraction.m */; };
/* End PBXBuildFile section */

/* Begin PBXFileReference section */
		F5C195B31CE994A30037BB38 /* ProjectCalculator.app */ = {isa = PBXFileReference; explicitFileType = wrapper.application; includeInIndex = 0; path = ProjectCalculator.app; sourceTree = BUILT_PRODUCTS_DIR; };
		F5C195B71CE994A30037BB38 /* main.m */ = {isa = PBXFileReference; lastKnownFileType = sourcecode.c.objc; path = main.m; sourceTree = "<group>"; };
		F5C195B91CE994A30037BB38 /* AppDelegate.h */ = {isa = PBXFileReference; lastKnownFileType = sourcecode.c.h; path = AppDelegate.h; sourceTree = "<group>"; };
		F5C195BA1CE994A30037BB38 /* AppDelegate.m */ = {isa = PBXFileReference; lastKnownFileType = sourcecode.c.objc; path = AppDelegate.m; sourceTree = "<group>"; };
		F5C195BC1CE994A30037BB38 /* ViewController.h */ = {isa = PBXFileReference; lastKnownFileType = sourcecode.c.h; path = ViewController.h; sourceTree = "<group>"; };
		F5C195BD1CE994A30037BB38 /* ViewController.m */ = {isa = PBXFileReference; lastKnownFileType = sourcecode.c.objc; path = ViewController.m; sourceTree = "<group>"; };
		F5C195C01CE994A30037BB38 /* Base */ = {isa = PBXFileReference; lastKnownFileType = file.storyboard; name = Base; path = Base.lproj/Main.storyboard; sourceTree = "<group>"; };
		F5C195C21CE994A30037BB38 /* Assets.xcassets */ = {isa = PBXFileReference; lastKnownFileType = folder.assetcatalog; path = Assets.xcassets; sourceTree = "<group>"; };
		F5C195C51CE994A30037BB38 /* Base */ = {isa = PBXFileReference; lastKnownFileType = file.storyboard; name = Base; path = Base.lproj/LaunchScreen.storyboard; sourceTree = "<group>"; };
		F5C195C71CE994A30037BB38 /* Info.plist */ = {isa = PBXFileReference; lastKnownFileType = text.plist.xml; path = Info.plist; sourceTree = "<group>"; };
		F5C195CD1CE996060037BB38 /* Calculator.h */ = {isa = PBXFileReference; fileEncoding = 4; lastKnownFileType = sourcecode.c.h; path = Calculator.h; sourceTree = "<group>"; };
		F5C195CE1CE996060037BB38 /* Calculator.m */ = {isa = PBXFileReference; fileEncoding = 4; lastKnownFileType = sourcecode.c.objc; path = Calculator.m; sourceTree = "<group>"; };
		F5C195CF1CE996060037BB38 /* Fraction.h */ = {isa = PBXFileReference; fileEncoding = 4; lastKnownFileType = sourcecode.c.h; path = Fraction.h; sourceTree = "<group>"; };
		F5C195D01CE996060037BB38 /* Fraction.m */ = {isa = PBXFileReference; fileEncoding = 4; lastKnownFileType = sourcecode.c.objc; path = Fraction.m; sourceTree = "<group>"; };
/* End PBXFileReference section */

/* Begin PBXFrameworksBuildPhase section */
		F5C195B01CE994A30037BB38 /* Frameworks */ = {
			isa = PBXFrameworksBuildPhase;
			buildActionMask = 2147483647;
			files = (
			);
			runOnlyForDeploymentPostprocessing = 0;
		};
/* End PBXFrameworksBuildPhase section */

/* Begin PBXGroup section */
		F5C195AA1CE994A30037BB38 = {
			isa = PBXGroup;
			children = (
				F5C195B51CE994A30037BB38 /* ProjectCalculator */,
				F5C195B41CE994A30037BB38 /* Products */,
			);
			sourceTree = "<group>";
		};
		F5C195B41CE994A30037BB38 /* Products */ = {
			isa = PBXGroup;
			children = (
				F5C195B31CE994A30037BB38 /* ProjectCalculator.app */,
			);
			name = Products;
			sourceTree = "<group>";
		};
		F5C195B51CE994A30037BB38 /* ProjectCalculator */ = {
			isa = PBXGroup;
			children = (
				F5C195CD1CE996060037BB38 /* Calculator.h */,
				F5C195CE1CE996060037BB38 /* Calculator.m */,
				F5C195CF1CE996060037BB38 /* Fraction.h */,
				F5C195D01CE996060037BB38 /* Fraction.m */,
				F5C195B91CE994A30037BB38 /* AppDelegate.h */,
				F5C195BA1CE994A30037BB38 /* AppDelegate.m */,
				F5C195BC1CE994A30037BB38 /* ViewController.h */,
				F5C195BD1CE994A30037BB38 /* ViewController.m */,
				F5C195BF1CE994A30037BB38 /* Main.storyboard */,
				F5C195C21CE994A30037BB38 /* Assets.xcassets */,
				F5C195C41CE994A30037BB38 /* LaunchScreen.storyboard */,
				F5C195C71CE994A30037BB38 /* Info.plist */,
				F5C195B61CE994A30037BB38 /* Supporting Files */,
			);
			path = ProjectCalculator;
			sourceTree = "<group>";
		};
		F5C195B61CE994A30037BB38 /* Supporting Files */ = {
			isa = PBXGroup;
			children = (
				F5C195B71CE994A30037BB38 /* main.m */,
			);
			name = "Supporting Files";
			sourceTree = "<group>";
		};
/* End PBXGroup section */

/* Begin PBXNativeTarget section */
		F5C195B21CE994A30037BB38 /* ProjectCalculator */ = {
			isa = PBXNativeTarget;
			buildConfigurationList = F5C195CA1CE994A30037BB38 /* Build configuration list for PBXNativeTarget "ProjectCalculator" */;
			buildPhases = (
				F5C195AF1CE994A30037BB38 /* Sources */,
				F5C195B01CE994A30037BB38 /* Frameworks */,
				F5C195B11CE994A30037BB38 /* Resources */,
			);
			buildRules = (
			);
			dependencies = (
			);
			name = ProjectCalculator;
			productName = ProjectCalculator;
			productReference = F5C195B31CE994A30037BB38 /* ProjectCalculator.app */;
			productType = "com.apple.product-type.application";
		};
/* End PBXNativeTarget section */

/* Begin PBXProject section */
		F5C195AB1CE994A30037BB38 /* Project object */ = {
			isa = PBXProject;
			attributes = {
				LastUpgradeCheck = 0730;
				ORGANIZATIONNAME = Chun;
				TargetAttributes = {
					F5C195B21CE994A30037BB38 = {
						CreatedOnToolsVersion = 7.3;
					};
				};
			};
			buildConfigurationList = F5C195AE1CE994A30037BB38 /* Build configuration list for PBXProject "ProjectCalculator" */;
			compatibilityVersion = "Xcode 3.2";
			developmentRegion = English;
			hasScannedForEncodings = 0;
			knownRegions = (
				en,
				Base,
			);
			mainGroup = F5C195AA1CE994A30037BB38;
			productRefGroup = F5C195B41CE994A30037BB38 /* Products */;
			projectDirPath = "";
			projectRoot = "";
			targets = (
				F5C195B21CE994A30037BB38 /* ProjectCalculator */,
			);
		};
/* End PBXProject section */

/* Begin PBXResourcesBuildPhase section */
		F5C195B11CE994A30037BB38 /* Resources */ = {
			isa = PBXResourcesBuildPhase;
			buildActionMask = 2147483647;
			files = (
				F5C195C61CE994A30037BB38 /* LaunchScreen.storyboard in Resources */,
				F5C195C31CE994A30037BB38 /* Assets.xcassets in Resources */,
				F5C195C11CE994A30037BB38 /* Main.storyboard in Resources */,
			);
			runOnlyForDeploymentPostprocessing = 0;
		};
/* End PBXResourcesBuildPhase section */

/* Begin PBXSourcesBuildPhase section */
		F5C195AF1CE994A30037BB38 /* Sources */ = {
			isa = PBXSourcesBuildPhase;
			buildActionMask = 2147483647;
			files = (
				F5C195BE1CE994A30037BB38 /* ViewController.m in Sources */,
				F5C195D11CE996060037BB38 /* Calculator.m in Sources */,
				F5C195BB1CE994A30037BB38 /* AppDelegate.m in Sources */,
				F5C195B81CE994A30037BB38 /* main.m in Sources */,
				F5C195D21CE996060037BB38 /* Fraction.m in Sources */,
			);
			runOnlyForDeploymentPostprocessing = 0;
		};
/* End PBXSourcesBuildPhase section */

/* Begin PBXVariantGroup section */
		F5C195BF1CE994A30037BB38 /* Main.storyboard */ = {
			isa = PBXVariantGroup;
			children = (
				F5C195C01CE994A30037BB38 /* Base */,
			);
			name = Main.storyboard;
			sourceTree = "<group>";
		};
		F5C195C41CE994A30037BB38 /* LaunchScreen.storyboard */ = {
			isa = PBXVariantGroup;
			children = (
				F5C195C51CE994A30037BB38 /* Base */,
			);
			name = LaunchScreen.storyboard;
			sourceTree = "<group>";
		};
/* End PBXVariantGroup section */

/* Begin XCBuildConfiguration section */
		F5C195C81CE994A30037BB38 /* Debug */ = {
			isa = XCBuildConfiguration;
			buildSettings = {
				ALWAYS_SEARCH_USER_PATHS = NO;
				CLANG_ANALYZER_NONNULL = YES;
				CLANG_CXX_LANGUAGE_STANDARD = "gnu++0x";
				CLANG_CXX_LIBRARY = "libc++";
				CLANG_ENABLE_MODULES = YES;
				CLANG_ENABLE_OBJC_ARC = YES;
				CLANG_WARN_BOOL_CONVERSION = YES;
				CLANG_WARN_CONSTANT_CONVERSION = YES;
				CLANG_WARN_DIRECT_OBJC_ISA_USAGE = YES_ERROR;
				CLANG_WARN_EMPTY_BODY = YES;
				CLANG_WARN_ENUM_CONVERSION = YES;
				CLANG_WARN_INT_CONVERSION = YES;
				CLANG_WARN_OBJC_ROOT_CLASS = YES_ERROR;
				CLANG_WARN_UNREACHABLE_CODE = YES;
				CLANG_WARN__DUPLICATE_METHOD_MATCH = YES;
				"CODE_SIGN_IDENTITY[sdk=iphoneos*]" = "iPhone Developer";
				COPY_PHASE_STRIP = NO;
				DEBUG_INFORMATION_FORMAT = dwarf;
				ENABLE_STRICT_OBJC_MSGSEND = YES;
				ENABLE_TESTABILITY = YES;
				GCC_C_LANGUAGE_STANDARD = gnu99;
				GCC_DYNAMIC_NO_PIC = NO;
				GCC_NO_COMMON_BLOCKS = YES;
				GCC_OPTIMIZATION_LEVEL = 0;
				GCC_PREPROCESSOR_DEFINITIONS = (
					"DEBUG=1",
					"$(inherited)",
				);
				GCC_WARN_64_TO_32_BIT_CONVERSION = YES;
				GCC_WARN_ABOUT_RETURN_TYPE = YES_ERROR;
				GCC_WARN_UNDECLARED_SELECTOR = YES;
				GCC_WARN_UNINITIALIZED_AUTOS = YES_AGGRESSIVE;
				GCC_WARN_UNUSED_FUNCTION = YES;
				GCC_WARN_UNUSED_VARIABLE = YES;
				IPHONEOS_DEPLOYMENT_TARGET = 9.3;
				MTL_ENABLE_DEBUG_INFO = YES;
				ONLY_ACTIVE_ARCH = YES;
				SDKROOT = iphoneos;
			};
			name = Debug;
		};
		F5C195C91CE994A30037BB38 /* Release */ = {
			isa = XCBuildConfiguration;
			buildSettings = {
				ALWAYS_SEARCH_USER_PATHS = NO;
				CLANG_ANALYZER_NONNULL = YES;
				CLANG_CXX_LANGUAGE_STANDARD = "gnu++0x";
				CLANG_CXX_LIBRARY = "libc++";
				CLANG_ENABLE_MODULES = YES;
				CLANG_ENABLE_OBJC_ARC = YES;
				CLANG_WARN_BOOL_CONVERSION = YES;
				CLANG_WARN_CONSTANT_CONVERSION = YES;
				CLANG_WARN_DIRECT_OBJC_ISA_USAGE = YES_ERROR;
				CLANG_WARN_EMPTY_BODY = YES;
				CLANG_WARN_ENUM_CONVERSION = YES;
				CLANG_WARN_INT_CONVERSION = YES;
				CLANG_WARN_OBJC_ROOT_CLASS = YES_ERROR;
				CLANG_WARN_UNREACHABLE_CODE = YES;
				CLANG_WARN__DUPLICATE_METHOD_MATCH = YES;
				"CODE_SIGN_IDENTITY[sdk=iphoneos*]" = "iPhone Developer";
				COPY_PHASE_STRIP = NO;
				DEBUG_INFORMATION_FORMAT = "dwarf-with-dsym";
				ENABLE_NS_ASSERTIONS = NO;
				ENABLE_STRICT_OBJC_MSGSEND = YES;
				GCC_C_LANGUAGE_STANDARD = gnu99;
				GCC_NO_COMMON_BLOCKS = YES;
				GCC_WARN_64_TO_32_BIT_CONVERSION = YES;
				GCC_WARN_ABOUT_RETURN_TYPE = YES_ERROR;
				GCC_WARN_UNDECLARED_SELECTOR = YES;
				GCC_WARN_UNINITIALIZED_AUTOS = YES_AGGRESSIVE;
				GCC_WARN_UNUSED_FUNCTION = YES;
				GCC_WARN_UNUSED_VARIABLE = YES;
				IPHONEOS_DEPLOYMENT_TARGET = 9.3;
				MTL_ENABLE_DEBUG_INFO = NO;
				SDKROOT = iphoneos;
				VALIDATE_PRODUCT = YES;
			};
			name = Release;
		};
		F5C195CB1CE994A30037BB38 /* Debug */ = {
			isa = XCBuildConfiguration;
			buildSettings = {
				ASSETCATALOG_COMPILER_APPICON_NAME = AppIcon;
				INFOPLIST_FILE = ProjectCalculator/Info.plist;
				LD_RUNPATH_SEARCH_PATHS = "$(inherited) @executable_path/Frameworks";
				PRODUCT_BUNDLE_IDENTIFIER = com.sds.ProjectCalculator;
				PRODUCT_NAME = "$(TARGET_NAME)";
			};
			name = Debug;
		};
		F5C195CC1CE994A30037BB38 /* Release */ = {
			isa = XCBuildConfiguration;
			buildSettings = {
				ASSETCATALOG_COMPILER_APPICON_NAME = AppIcon;
				INFOPLIST_FILE = ProjectCalculator/Info.plist;
				LD_RUNPATH_SEARCH_PATHS = "$(inherited) @executable_path/Frameworks";
				PRODUCT_BUNDLE_IDENTIFIER = com.sds.ProjectCalculator;
				PRODUCT_NAME = "$(TARGET_NAME)";
			};
			name = Release;
		};
/* End XCBuildConfiguration section */

/* Begin XCConfigurationList section */
		F5C195AE1CE994A30037BB38 /* Build configuration list for PBXProject "ProjectCalculator" */ = {
			isa = XCConfigurationList;
			buildConfigurations = (
				F5C195C81CE994A30037BB38 /* Debug */,
				F5C195C91CE994A30037BB38 /* Release */,
			);
			defaultConfigurationIsVisible = 0;
			defaultConfigurationName = Release;
		};
		F5C195CA1CE994A30037BB38 /* Build configuration list for PBXNativeTarget "ProjectCalculator" */ = {
			isa = XCConfigurationList;
			buildConfigurations = (
				F5C195CB1CE994A30037BB38 /* Debug */,
				F5C195CC1CE994A30037BB38 /* Release */,
			);
			defaultConfigurationIsVisible = 0;
		};
/* End XCConfigurationList section */
	};
	rootObject = F5C195AB1CE994A30037BB38 /* Project object */;
}
